
Microsoft Visual Studio Solution File, Format Version 12.00
# Visual Studio 15
VisualStudioVersion = 15.0.26730.16
MinimumVisualStudioVersion = 10.0.40219.1
Project("{FAE04EC0-301F-11D3-BF4B-00C04F79EFBC}") = "TeamPowered", "TeamPowered\TeamPowered.csproj", "{CE94B452-D865-4A86-A05D-E3548D7D4A36}"
EndProject
Global
	GlobalSection(SolutionConfigurationPlatforms) = preSolution
		Debug|Any CPU = Debug|Any CPU
		Release|Any CPU = Release|Any CPU
	EndGlobalSection
	GlobalSection(ProjectConfigurationPlatforms) = postSolution
		{CE94B452-D865-4A86-A05D-E3548D7D4A36}.Debug|Any CPU.ActiveCfg = Debug|Any CPU
		{CE94B452-D865-4A86-A05D-E3548D7D4A36}.Debug|Any CPU.Build.0 = Debug|Any CPU
		{CE94B452-D865-4A86-A05D-E3548D7D4A36}.Release|Any CPU.ActiveCfg = Release|Any CPU
		{CE94B452-D865-4A86-A05D-E3548D7D4A36}.Release|Any CPU.Build.0 = Release|Any CPU
	EndGlobalSection
	GlobalSection(SolutionProperties) = preSolution
		HideSolutionNode = FALSE
	EndGlobalSection
	GlobalSection(ExtensibilityGlobals) = postSolution
		SolutionGuid = {17D4F489-E78C-4AF8-A669-043DF0539504}
	EndGlobalSection
EndGlobal
